<?xml version="1.0" encoding="utf-8"?>
<Project ToolsVersion="4.0" xmlns="http://schemas.microsoft.com/developer/msbuild/2003">
  <ItemGroup>
    <Filter Include="Source Files">
      <UniqueIdentifier>{4FC737F1-C7A5-4376-A066-2A32D752A2FF}</UniqueIdentifier>
      <Extensions>cpp;c;cc;cxx;c++;cppm;ixx;def;odl;idl;hpj;bat;asm;asmx</Extensions>
    </Filter>
    <Filter Include="Header Files">
      <UniqueIdentifier>{93995380-89BD-4b04-88EB-625FBE52EBFB}</UniqueIdentifier>
      <Extensions>h;hh;hpp;hxx;h++;hm;inl;inc;ipp;xsd</Extensions>
    </Filter>
    <Filter Include="Resource Files">
      <UniqueIdentifier>{67DA6AB6-F800-4c08-8B7A-83BB121AAD01}</UniqueIdentifier>
      <Extensions>rc;ico;cur;bmp;dlg;rc2;rct;bin;rgs;gif;jpg;jpeg;jpe;resx;tiff;tif;png;wav;mfcribbon-ms</Extensions>
    </Filter>
    <Filter Include="Shaders">
      <UniqueIdentifier>{786e6d39-c5fe-4b07-b31c-b44aa43ac709}</UniqueIdentifier>
    </Filter>
  </ItemGroup>
  <ItemGroup>
    <ClCompile Include="mge\core\Renderer.cpp">
      <Filter>Source Files</Filter>
    </ClCompile>
    <ClCompile Include="mge\core\Mesh.cpp">
      <Filter>Source Files</Filter>
    </ClCompile>
    <ClCompile Include="mge\core\ShaderProgram.cpp">
      <Filter>Source Files</Filter>
    </ClCompile>
    <ClCompile Include="mge\core\Light.cpp">
      <Filter>Source Files</Filter>
    </ClCompile>
    <ClCompile Include="mge\core\AbstractGame.cpp">
      <Filter>Source Files</Filter>
    </ClCompile>
    <ClCompile Include="mge\core\Camera.cpp">
      <Filter>Source Files</Filter>
    </ClCompile>
    <ClCompile Include="mge\core\GameObject.cpp">
      <Filter>Source Files</Filter>
    </ClCompile>
    <ClCompile Include="mge\core\Texture.cpp">
      <Filter>Source Files</Filter>
    </ClCompile>
    <ClCompile Include="mge\core\World.cpp">
      <Filter>Source Files</Filter>
    </ClCompile>
    <ClCompile Include="mge\materials\TextureMaterial.cpp">
      <Filter>Source Files</Filter>
    </ClCompile>
    <ClCompile Include="mge\materials\LightMaterial.cpp">
      <Filter>Source Files</Filter>
    </ClCompile>
    <ClCompile Include="mge\materials\ColorMaterial.cpp">
      <Filter>Source Files</Filter>
    </ClCompile>
    <ClCompile Include="mge\materials\AbstractMaterial.cpp">
      <Filter>Source Files</Filter>
    </ClCompile>
    <ClCompile Include="mge\util\DebugHud.cpp">
      <Filter>Source Files</Filter>
    </ClCompile>
    <ClCompile Include="mge\behaviours\RotatingBehaviour.cpp">
      <Filter>Source Files</Filter>
    </ClCompile>
    <ClCompile Include="mge\behaviours\KeysBehaviour.cpp">
      <Filter>Source Files</Filter>
    </ClCompile>
    <ClCompile Include="mge\behaviours\FollowBehaviour.cpp">
      <Filter>Source Files</Filter>
    </ClCompile>
    <ClCompile Include="mge\behaviours\AbstractBehaviour.cpp">
      <Filter>Source Files</Filter>
    </ClCompile>
    <ClCompile Include="main.cpp">
      <Filter>Source Files</Filter>
    </ClCompile>
    <ClCompile Include="CollisionManager.cpp">
      <Filter>Source Files</Filter>
    </ClCompile>
    <ClCompile Include="Collider.cpp">
      <Filter>Source Files</Filter>
    </ClCompile>
    <ClCompile Include="AdvToolsScene.cpp">
      <Filter>Source Files</Filter>
    </ClCompile>
    <ClCompile Include="MoveBehaviour.cpp">
      <Filter>Source Files</Filter>
    </ClCompile>
    <ClCompile Include="Space.cpp">
      <Filter>Source Files</Filter>
    </ClCompile>
    <ClCompile Include="DataTracker.cpp">
      <Filter>Source Files</Filter>
    </ClCompile>
    <ClCompile Include="AABB.cpp">
      <Filter>Source Files</Filter>
    </ClCompile>
    <ClCompile Include="Sphere.cpp">
      <Filter>Source Files</Filter>
    </ClCompile>
  </ItemGroup>
  <ItemGroup>
    <ClInclude Include="mge\behaviours\AbstractBehaviour.hpp">
      <Filter>Header Files</Filter>
    </ClInclude>
    <ClInclude Include="mge\core\AbstractGame.hpp">
      <Filter>Header Files</Filter>
    </ClInclude>
    <ClInclude Include="mge\materials\AbstractMaterial.hpp">
      <Filter>Header Files</Filter>
    </ClInclude>
    <ClInclude Include="mge\core\Camera.hpp">
      <Filter>Header Files</Filter>
    </ClInclude>
    <ClInclude Include="mge\materials\ColorMaterial.hpp">
      <Filter>Header Files</Filter>
    </ClInclude>
    <ClInclude Include="mge\config.hpp">
      <Filter>Header Files</Filter>
    </ClInclude>
    <ClInclude Include="mge\util\DebugHud.hpp">
      <Filter>Header Files</Filter>
    </ClInclude>
    <ClInclude Include="mge\behaviours\FollowBehaviour.hpp">
      <Filter>Header Files</Filter>
    </ClInclude>
    <ClInclude Include="mge\core\GameObject.hpp">
      <Filter>Header Files</Filter>
    </ClInclude>
    <ClInclude Include="mge\behaviours\KeysBehaviour.hpp">
      <Filter>Header Files</Filter>
    </ClInclude>
    <ClInclude Include="mge\core\World.hpp">
      <Filter>Header Files</Filter>
    </ClInclude>
    <ClInclude Include="mge\materials\TextureMaterial.hpp">
      <Filter>Header Files</Filter>
    </ClInclude>
    <ClInclude Include="mge\core\Texture.hpp">
      <Filter>Header Files</Filter>
    </ClInclude>
    <ClInclude Include="mge\core\ShaderProgram.hpp">
      <Filter>Header Files</Filter>
    </ClInclude>
    <ClInclude Include="mge\behaviours\RotatingBehaviour.hpp">
      <Filter>Header Files</Filter>
    </ClInclude>
    <ClInclude Include="mge\core\Renderer.hpp">
      <Filter>Header Files</Filter>
    </ClInclude>
    <ClInclude Include="mge\core\Mesh.hpp">
      <Filter>Header Files</Filter>
    </ClInclude>
    <ClInclude Include="mge\materials\LightMaterial.hpp">
      <Filter>Header Files</Filter>
    </ClInclude>
    <ClInclude Include="mge\core\Light.hpp">
      <Filter>Header Files</Filter>
    </ClInclude>
    <ClInclude Include="CollisionManager.hpp">
      <Filter>Header Files</Filter>
    </ClInclude>
    <ClInclude Include="Collider.hpp">
      <Filter>Header Files</Filter>
    </ClInclude>
    <ClInclude Include="AdvToolsScene.hpp">
      <Filter>Header Files</Filter>
    </ClInclude>
    <ClInclude Include="MoveBehaviour.hpp">
      <Filter>Header Files</Filter>
    </ClInclude>
    <ClInclude Include="Space.hpp">
      <Filter>Header Files</Filter>
    </ClInclude>
    <ClInclude Include="DataTracker.hpp">
      <Filter>Header Files</Filter>
    </ClInclude>
    <ClInclude Include="AABB.hpp">
      <Filter>Header Files</Filter>
    </ClInclude>
    <ClInclude Include="Sphere.hpp">
      <Filter>Header Files</Filter>
    </ClInclude>
  </ItemGroup>
  <ItemGroup>
    <None Include="mge\models\Chaynik.mtl">
      <Filter>Resource Files</Filter>
    </None>
    <None Include="mge\shaders\color.vert">
      <Filter>Shaders</Filter>
    </None>
    <None Include="mge\shaders\color.fs">
      <Filter>Shaders</Filter>
    </None>
    <None Include="mge\shaders\light.fs">
      <Filter>Shaders</Filter>
    </None>
    <None Include="mge\shaders\light.vert">
      <Filter>Shaders</Filter>
    </None>
    <None Include="mge\shaders\texture.vert">
      <Filter>Shaders</Filter>
    </None>
    <None Include="mge\shaders\texture.fs">
      <Filter>Shaders</Filter>
    </None>
  </ItemGroup>
  <ItemGroup>
    <Font Include="mge\fonts\arial.ttf">
      <Filter>Resource Files</Filter>
    </Font>
  </ItemGroup>
  <ItemGroup>
    <Image Include="mge\textures\diffuse1.jpg">
      <Filter>Resource Files</Filter>
    </Image>
    <Image Include="mge\textures\diffuse2.jpg">
      <Filter>Resource Files</Filter>
    </Image>
    <Image Include="mge\textures\diffuse3.jpg">
      <Filter>Resource Files</Filter>
    </Image>
    <Image Include="mge\textures\diffuse4.jpg">
      <Filter>Resource Files</Filter>
    </Image>
    <Image Include="mge\textures\heightmap.png">
      <Filter>Resource Files</Filter>
    </Image>
    <Image Include="mge\textures\splatmap.png">
      <Filter>Resource Files</Filter>
    </Image>
    <Image Include="mge\textures\water.jpg">
      <Filter>Resource Files</Filter>
    </Image>
    <Image Include="mge\textures\Chaynik.png">
      <Filter>Resource Files</Filter>
    </Image>
    <Image Include="mge\textures\bricks.jpg">
      <Filter>Resource Files</Filter>
    </Image>
    <Image Include="mge\textures\land.jpg">
      <Filter>Resource Files</Filter>
    </Image>
    <Image Include="mge\textures\runicfloor.png">
      <Filter>Resource Files</Filter>
    </Image>
  </ItemGroup>
  <ItemGroup>
    <CopyFileToFolders Include="mge\models\Chaynik.obj">
      <Filter>Resource Files</Filter>
    </CopyFileToFolders>
    <CopyFileToFolders Include="mge\models\cone_flat.obj">
      <Filter>Resource Files</Filter>
    </CopyFileToFolders>
    <CopyFileToFolders Include="mge\models\plane.obj">
      <Filter>Resource Files</Filter>
    </CopyFileToFolders>
    <CopyFileToFolders Include="mge\models\sphere_flat.obj">
      <Filter>Resource Files</Filter>
    </CopyFileToFolders>
    <CopyFileToFolders Include="mge\models\cone_smooth.obj">
      <Filter>Resource Files</Filter>
    </CopyFileToFolders>
    <CopyFileToFolders Include="mge\models\cube_flat.obj">
      <Filter>Resource Files</Filter>
    </CopyFileToFolders>
    <CopyFileToFolders Include="mge\models\cube_smooth.obj">
      <Filter>Resource Files</Filter>
    </CopyFileToFolders>
    <CopyFileToFolders Include="mge\models\cylinder_flat.obj">
      <Filter>Resource Files</Filter>
    </CopyFileToFolders>
    <CopyFileToFolders Include="mge\models\cylinder_smooth.obj">
      <Filter>Resource Files</Filter>
    </CopyFileToFolders>
    <CopyFileToFolders Include="mge\models\plane20x20_2tris_aligned_uvs.obj">
      <Filter>Resource Files</Filter>
    </CopyFileToFolders>
    <CopyFileToFolders Include="mge\models\plane20x20_2048tris_aligned_uvs.obj">
      <Filter>Resource Files</Filter>
    </CopyFileToFolders>
    <CopyFileToFolders Include="mge\models\sphere_smooth.obj">
      <Filter>Resource Files</Filter>
    </CopyFileToFolders>
    <CopyFileToFolders Include="mge\models\suzanna_flat.obj">
      <Filter>Resource Files</Filter>
    </CopyFileToFolders>
    <CopyFileToFolders Include="mge\models\suzanna_smooth.obj">
      <Filter>Resource Files</Filter>
    </CopyFileToFolders>
    <CopyFileToFolders Include="mge\models\teapot_flat.obj">
      <Filter>Resource Files</Filter>
    </CopyFileToFolders>
    <CopyFileToFolders Include="mge\models\teapot_smooth.obj">
      <Filter>Resource Files</Filter>
    </CopyFileToFolders>
    <CopyFileToFolders Include="mge\models\disk.obj">
      <Filter>Resource Files</Filter>
    </CopyFileToFolders>
    <CopyFileToFolders Include="mge\models\polygon.obj">
      <Filter>Resource Files</Filter>
    </CopyFileToFolders>
  </ItemGroup>
</Project>